Microsoft Visual Studio Solution File, Format Version 8.00
Project("{8BC9CEB8-8B4A-11D0-8D11-00A0C91BC942}") = "WxMiddleware", "WxMiddleware.vcproj", "{700D06A4-7489-4A09-8024-E629356787CD}"
	ProjectSection(ProjectDependencies) = postProject
	EndProjectSection
EndProject
Global
	GlobalSection(SolutionConfiguration) = preSolution
		Debug = Debug
		Release = Release
	EndGlobalSection
	GlobalSection(ProjectConfiguration) = postSolution
		{700D06A4-7489-4A09-8024-E629356787CD}.Debug.ActiveCfg = Debug|Win32
		{700D06A4-7489-4A09-8024-E629356787CD}.Debug.Build.0 = Debug|Win32
		{700D06A4-7489-4A09-8024-E629356787CD}.Release.ActiveCfg = Release|Win32
		{700D06A4-7489-4A09-8024-E629356787CD}.Release.Build.0 = Release|Win32
	EndGlobalSection
	GlobalSection(ExtensibilityGlobals) = postSolution
	EndGlobalSection
	GlobalSection(ExtensibilityAddIns) = postSolution
	EndGlobalSection
EndGlobal
