Microsoft Visual Studio Solution File, Format Version 8.00
Project("{8BC9CEB8-8B4A-11D0-8D11-00A0C91BC942}") = "GCardID_RZX", "GCardID_RZX.vcproj", "{914B63AB-1B19-4FC5-9D45-E37A33AAC92E}"
	ProjectSection(ProjectDependencies) = postProject
	EndProjectSection
EndProject
Global
	GlobalSection(SolutionConfiguration) = preSolution
		Debug = Debug
		Release = Release
	EndGlobalSection
	GlobalSection(ProjectConfiguration) = postSolution
		{914B63AB-1B19-4FC5-9D45-E37A33AAC92E}.Debug.ActiveCfg = Debug|Win32
		{914B63AB-1B19-4FC5-9D45-E37A33AAC92E}.Debug.Build.0 = Debug|Win32
		{914B63AB-1B19-4FC5-9D45-E37A33AAC92E}.Release.ActiveCfg = Release|Win32
		{914B63AB-1B19-4FC5-9D45-E37A33AAC92E}.Release.Build.0 = Release|Win32
	EndGlobalSection
	GlobalSection(ExtensibilityGlobals) = postSolution
	EndGlobalSection
	GlobalSection(ExtensibilityAddIns) = postSolution
	EndGlobalSection
EndGlobal
